// !$*UTF8*$!
{
	archiveVersion = 1;
	classes = {
	};
	objectVersion = 46;
	objects = {

/* Begin PBXBuildFile section */
		2AF5F8DA0CF5F9410091D961 /* AppContext.cpp in Sources */ = {isa = PBXBuildFile; fileRef = 2AF5F8D40CF5F9410091D961 /* AppContext.cpp */; };
		2AF5F8DB0CF5F9410091D961 /* IllustratorSDK.cpp in Sources */ = {isa = PBXBuildFile; fileRef = 2AF5F8D50CF5F9410091D961 /* IllustratorSDK.cpp */; };
		2AF5F8DC0CF5F9410091D961 /* Main.cpp in Sources */ = {isa = PBXBuildFile; fileRef = 2AF5F8D60CF5F9410091D961 /* Main.cpp */; };
		2AF5F8DD0CF5F9410091D961 /* Plugin.cpp in Sources */ = {isa = PBXBuildFile; fileRef = 2AF5F8D70CF5F9410091D961 /* Plugin.cpp */; };
		2AF5F8DE0CF5F9410091D961 /* SDKAboutPluginsHelper.cpp in Sources */ = {isa = PBXBuildFile; fileRef = 2AF5F8D80CF5F9410091D961 /* SDKAboutPluginsHelper.cpp */; };
		2AF5F8DF0CF5F9410091D961 /* Suites.cpp in Sources */ = {isa = PBXBuildFile; fileRef = 2AF5F8D90CF5F9410091D961 /* Suites.cpp */; };
		2AF5F8E30CF5F9620091D961 /* IAIUnicodeString.cpp in Sources */ = {isa = PBXBuildFile; fileRef = 2AF5F8E10CF5F9620091D961 /* IAIUnicodeString.cpp */; };
		2AF5F8EB0CF5F97C0091D961 /* TwirlFilter.cpp in Sources */ = {isa = PBXBuildFile; fileRef = 2AF5F8E40CF5F97C0091D961 /* TwirlFilter.cpp */; };
		2AF5F8EC0CF5F97C0091D961 /* TwirlFilter.h in Headers */ = {isa = PBXBuildFile; fileRef = 2AF5F8E50CF5F97C0091D961 /* TwirlFilter.h */; };
		2AF5F8ED0CF5F97C0091D961 /* TwirlFilterID.h in Headers */ = {isa = PBXBuildFile; fileRef = 2AF5F8E60CF5F97C0091D961 /* TwirlFilterID.h */; };
		2AF5F8EE0CF5F97C0091D961 /* TwirlFilterPlugin.cpp in Sources */ = {isa = PBXBuildFile; fileRef = 2AF5F8E70CF5F97C0091D961 /* TwirlFilterPlugin.cpp */; };
		2AF5F8EF0CF5F97C0091D961 /* TwirlFilterPlugin.h in Headers */ = {isa = PBXBuildFile; fileRef = 2AF5F8E80CF5F97C0091D961 /* TwirlFilterPlugin.h */; };
		2AF5F8F00CF5F97C0091D961 /* TwirlFilterSuites.cpp in Sources */ = {isa = PBXBuildFile; fileRef = 2AF5F8E90CF5F97C0091D961 /* TwirlFilterSuites.cpp */; };
		2AF5F8F10CF5F97C0091D961 /* TwirlFilterSuites.h in Headers */ = {isa = PBXBuildFile; fileRef = 2AF5F8EA0CF5F97C0091D961 /* TwirlFilterSuites.h */; };
		9E30824D13C7570E00DA79FB /* CoreFoundation.framework in Frameworks */ = {isa = PBXBuildFile; fileRef = 9E30824C13C7570E00DA79FB /* CoreFoundation.framework */; };
		9E3BA91E13C328C700A542EF /* FlashUIController.cpp in Sources */ = {isa = PBXBuildFile; fileRef = 9E3BA91C13C328C700A542EF /* FlashUIController.cpp */; };
		9E3BA91F13C328C700A542EF /* SDKPlugPlug.cpp in Sources */ = {isa = PBXBuildFile; fileRef = 9E3BA91D13C328C700A542EF /* SDKPlugPlug.cpp */; };
		9E3BA92613C3292100A542EF /* IAIFilePath.cpp in Sources */ = {isa = PBXBuildFile; fileRef = 9E3BA92513C3292100A542EF /* IAIFilePath.cpp */; };
		C4CB97CF12ED597E00CA13DA /* IAIStringFormatUtils.cpp in Sources */ = {isa = PBXBuildFile; fileRef = C4CB97CE12ED597E00CA13DA /* IAIStringFormatUtils.cpp */; };
		F938CBAD0B8B9EA40039754D /* TwirlFilter.r in Rez */ = {isa = PBXBuildFile; fileRef = F938CBAC0B8B9EA40039754D /* TwirlFilter.r */; };
/* End PBXBuildFile section */

/* Begin PBXFileReference section */
		2AF5F8D40CF5F9410091D961 /* AppContext.cpp */ = {isa = PBXFileReference; fileEncoding = 30; lastKnownFileType = sourcecode.cpp.cpp; name = AppContext.cpp; path = ../common/source/AppContext.cpp; sourceTree = SOURCE_ROOT; };
		2AF5F8D50CF5F9410091D961 /* IllustratorSDK.cpp */ = {isa = PBXFileReference; fileEncoding = 30; lastKnownFileType = sourcecode.cpp.cpp; name = IllustratorSDK.cpp; path = ../common/source/IllustratorSDK.cpp; sourceTree = SOURCE_ROOT; };
		2AF5F8D60CF5F9410091D961 /* Main.cpp */ = {isa = PBXFileReference; fileEncoding = 30; lastKnownFileType = sourcecode.cpp.cpp; name = Main.cpp; path = ../common/source/Main.cpp; sourceTree = SOURCE_ROOT; };
		2AF5F8D70CF5F9410091D961 /* Plugin.cpp */ = {isa = PBXFileReference; fileEncoding = 30; lastKnownFileType = sourcecode.cpp.cpp; name = Plugin.cpp; path = ../common/source/Plugin.cpp; sourceTree = SOURCE_ROOT; };
		2AF5F8D80CF5F9410091D961 /* SDKAboutPluginsHelper.cpp */ = {isa = PBXFileReference; fileEncoding = 30; lastKnownFileType = sourcecode.cpp.cpp; name = SDKAboutPluginsHelper.cpp; path = ../common/source/SDKAboutPluginsHelper.cpp; sourceTree = SOURCE_ROOT; };
		2AF5F8D90CF5F9410091D961 /* Suites.cpp */ = {isa = PBXFileReference; fileEncoding = 30; lastKnownFileType = sourcecode.cpp.cpp; name = Suites.cpp; path = ../common/source/Suites.cpp; sourceTree = SOURCE_ROOT; };
		2AF5F8E10CF5F9620091D961 /* IAIUnicodeString.cpp */ = {isa = PBXFileReference; fileEncoding = 30; lastKnownFileType = sourcecode.cpp.cpp; name = IAIUnicodeString.cpp; path = ../../illustratorapi/illustrator/IAIUnicodeString.cpp; sourceTree = SOURCE_ROOT; };
		2AF5F8E40CF5F97C0091D961 /* TwirlFilter.cpp */ = {isa = PBXFileReference; fileEncoding = 30; lastKnownFileType = sourcecode.cpp.cpp; name = TwirlFilter.cpp; path = Source/TwirlFilter.cpp; sourceTree = "<group>"; };
		2AF5F8E50CF5F97C0091D961 /* TwirlFilter.h */ = {isa = PBXFileReference; fileEncoding = 30; lastKnownFileType = sourcecode.c.h; name = TwirlFilter.h; path = Source/TwirlFilter.h; sourceTree = "<group>"; };
		2AF5F8E60CF5F97C0091D961 /* TwirlFilterID.h */ = {isa = PBXFileReference; fileEncoding = 30; lastKnownFileType = sourcecode.c.h; name = TwirlFilterID.h; path = Source/TwirlFilterID.h; sourceTree = "<group>"; };
		2AF5F8E70CF5F97C0091D961 /* TwirlFilterPlugin.cpp */ = {isa = PBXFileReference; fileEncoding = 30; lastKnownFileType = sourcecode.cpp.cpp; name = TwirlFilterPlugin.cpp; path = Source/TwirlFilterPlugin.cpp; sourceTree = "<group>"; };
		2AF5F8E80CF5F97C0091D961 /* TwirlFilterPlugin.h */ = {isa = PBXFileReference; fileEncoding = 30; lastKnownFileType = sourcecode.c.h; name = TwirlFilterPlugin.h; path = Source/TwirlFilterPlugin.h; sourceTree = "<group>"; };
		2AF5F8E90CF5F97C0091D961 /* TwirlFilterSuites.cpp */ = {isa = PBXFileReference; fileEncoding = 30; lastKnownFileType = sourcecode.cpp.cpp; name = TwirlFilterSuites.cpp; path = Source/TwirlFilterSuites.cpp; sourceTree = "<group>"; };
		2AF5F8EA0CF5F97C0091D961 /* TwirlFilterSuites.h */ = {isa = PBXFileReference; fileEncoding = 30; lastKnownFileType = sourcecode.c.h; name = TwirlFilterSuites.h; path = Source/TwirlFilterSuites.h; sourceTree = "<group>"; };
		6E81FF490A8CD39C002569B5 /* Info.plist */ = {isa = PBXFileReference; fileEncoding = 30; lastKnownFileType = text.plist; name = Info.plist; path = ../common/mac/Info.plist; sourceTree = SOURCE_ROOT; };
		6EE2BA530A40BB2600CC7CE2 /* TwirlFilter.aip */ = {isa = PBXFileReference; explicitFileType = wrapper.cfbundle; includeInIndex = 0; path = TwirlFilter.aip; sourceTree = BUILT_PRODUCTS_DIR; };
		9E30824C13C7570E00DA79FB /* CoreFoundation.framework */ = {isa = PBXFileReference; lastKnownFileType = wrapper.framework; name = CoreFoundation.framework; path = System/Library/Frameworks/CoreFoundation.framework; sourceTree = SDKROOT; };
		9E3BA91C13C328C700A542EF /* FlashUIController.cpp */ = {isa = PBXFileReference; fileEncoding = 4; lastKnownFileType = sourcecode.cpp.cpp; name = FlashUIController.cpp; path = ../common/source/FlashUIController.cpp; sourceTree = SOURCE_ROOT; };
		9E3BA91D13C328C700A542EF /* SDKPlugPlug.cpp */ = {isa = PBXFileReference; fileEncoding = 4; lastKnownFileType = sourcecode.cpp.cpp; name = SDKPlugPlug.cpp; path = ../common/source/SDKPlugPlug.cpp; sourceTree = SOURCE_ROOT; };
		9E3BA92513C3292100A542EF /* IAIFilePath.cpp */ = {isa = PBXFileReference; fileEncoding = 4; lastKnownFileType = sourcecode.cpp.cpp; name = IAIFilePath.cpp; path = ../../illustratorapi/illustrator/IAIFilePath.cpp; sourceTree = SOURCE_ROOT; };
		C4CB97CE12ED597E00CA13DA /* IAIStringFormatUtils.cpp */ = {isa = PBXFileReference; fileEncoding = 4; lastKnownFileType = sourcecode.cpp.cpp; name = IAIStringFormatUtils.cpp; path = ../../illustratorapi/illustrator/IAIStringFormatUtils.cpp; sourceTree = SOURCE_ROOT; };
		F938CBAC0B8B9EA40039754D /* TwirlFilter.r */ = {isa = PBXFileReference; fileEncoding = 30; lastKnownFileType = sourcecode.rez; name = TwirlFilter.r; path = Resources/Mac/TwirlFilter.r; sourceTree = "<group>"; };
/* End PBXFileReference section */

/* Begin PBXFrameworksBuildPhase section */
		508817D209F0C9AD0071BF1A /* Frameworks */ = {
			isa = PBXFrameworksBuildPhase;
			buildActionMask = 2147483647;
			files = (
				9E30824D13C7570E00DA79FB /* CoreFoundation.framework in Frameworks */,
			);
			runOnlyForDeploymentPostprocessing = 0;
		};
/* End PBXFrameworksBuildPhase section */

/* Begin PBXGroup section */
		508817C209F0C9740071BF1A = {
			isa = PBXGroup;
			children = (
				508817F509F0CAB50071BF1A /* Sources */,
				5088180609F0CDD00071BF1A /* Libraries */,
				6EE2BA590A40BDD300CC7CE2 /* Resources */,
				508817D509F0C9AD0071BF1A /* Products */,
			);
			sourceTree = "<group>";
		};
		508817D509F0C9AD0071BF1A /* Products */ = {
			isa = PBXGroup;
			children = (
				6EE2BA530A40BB2600CC7CE2 /* TwirlFilter.aip */,
			);
			name = Products;
			sourceTree = "<group>";
		};
		508817F509F0CAB50071BF1A /* Sources */ = {
			isa = PBXGroup;
			children = (
				F9C02B5B0BA6E6C60039151A /* Shared */,
				2AF5F8E40CF5F97C0091D961 /* TwirlFilter.cpp */,
				2AF5F8E50CF5F97C0091D961 /* TwirlFilter.h */,
				2AF5F8E60CF5F97C0091D961 /* TwirlFilterID.h */,
				2AF5F8E70CF5F97C0091D961 /* TwirlFilterPlugin.cpp */,
				2AF5F8E80CF5F97C0091D961 /* TwirlFilterPlugin.h */,
				2AF5F8E90CF5F97C0091D961 /* TwirlFilterSuites.cpp */,
				2AF5F8EA0CF5F97C0091D961 /* TwirlFilterSuites.h */,
			);
			name = Sources;
			sourceTree = "<group>";
		};
		5088180609F0CDD00071BF1A /* Libraries */ = {
			isa = PBXGroup;
			children = (
				9E30824C13C7570E00DA79FB /* CoreFoundation.framework */,
			);
			name = Libraries;
			sourceTree = "<group>";
		};
		6EE2BA590A40BDD300CC7CE2 /* Resources */ = {
			isa = PBXGroup;
			children = (
				F938CBAC0B8B9EA40039754D /* TwirlFilter.r */,
				6E81FF490A8CD39C002569B5 /* Info.plist */,
			);
			name = Resources;
			sourceTree = "<group>";
		};
		F9C02B5B0BA6E6C60039151A /* Shared */ = {
			isa = PBXGroup;
			children = (
				9E3BA92513C3292100A542EF /* IAIFilePath.cpp */,
				9E3BA91C13C328C700A542EF /* FlashUIController.cpp */,
				9E3BA91D13C328C700A542EF /* SDKPlugPlug.cpp */,
				C4CB97CE12ED597E00CA13DA /* IAIStringFormatUtils.cpp */,
				2AF5F8E10CF5F9620091D961 /* IAIUnicodeString.cpp */,
				2AF5F8D40CF5F9410091D961 /* AppContext.cpp */,
				2AF5F8D50CF5F9410091D961 /* IllustratorSDK.cpp */,
				2AF5F8D60CF5F9410091D961 /* Main.cpp */,
				2AF5F8D70CF5F9410091D961 /* Plugin.cpp */,
				2AF5F8D80CF5F9410091D961 /* SDKAboutPluginsHelper.cpp */,
				2AF5F8D90CF5F9410091D961 /* Suites.cpp */,
			);
			name = Shared;
			sourceTree = "<group>";
		};
/* End PBXGroup section */

/* Begin PBXHeadersBuildPhase section */
		6EE2BA0A0A40B76300CC7CE2 /* Headers */ = {
			isa = PBXHeadersBuildPhase;
			buildActionMask = 2147483647;
			files = (
				2AF5F8EC0CF5F97C0091D961 /* TwirlFilter.h in Headers */,
				2AF5F8ED0CF5F97C0091D961 /* TwirlFilterID.h in Headers */,
				2AF5F8EF0CF5F97C0091D961 /* TwirlFilterPlugin.h in Headers */,
				2AF5F8F10CF5F97C0091D961 /* TwirlFilterSuites.h in Headers */,
			);
			runOnlyForDeploymentPostprocessing = 0;
		};
/* End PBXHeadersBuildPhase section */

/* Begin PBXNativeTarget section */
		508817D309F0C9AD0071BF1A /* TwirlFilter */ = {
			isa = PBXNativeTarget;
			buildConfigurationList = 508817D709F0C9AE0071BF1A /* Build configuration list for PBXNativeTarget "TwirlFilter" */;
			buildPhases = (
				FDD9160D21AC0A7E0018B958 /* ShellScript */,
				6EE2BA0A0A40B76300CC7CE2 /* Headers */,
				508817D109F0C9AD0071BF1A /* Sources */,
				508817D009F0C9AD0071BF1A /* Resources */,
				508817D209F0C9AD0071BF1A /* Frameworks */,
				6EE2BA0C0A40B77400CC7CE2 /* Rez */,
				FDD9160E21AC0A820018B958 /* ShellScript */,
			);
			buildRules = (
			);
			dependencies = (
			);
			name = TwirlFilter;
			productName = TwirlFilterProject;
			productReference = 6EE2BA530A40BB2600CC7CE2 /* TwirlFilter.aip */;
			productType = "com.apple.product-type.bundle";
		};
/* End PBXNativeTarget section */

/* Begin PBXProject section */
		508817C409F0C9740071BF1A /* Project object */ = {
			isa = PBXProject;
			attributes = {
			};
			buildConfigurationList = 508817C509F0C9740071BF1A /* Build configuration list for PBXProject "TwirlFilter" */;
			compatibilityVersion = "Xcode 3.2";
			developmentRegion = English;
			hasScannedForEncodings = 0;
			knownRegions = (
				English,
				Japanese,
				French,
				German,
			);
			mainGroup = 508817C209F0C9740071BF1A;
			productRefGroup = 508817D509F0C9AD0071BF1A /* Products */;
			projectDirPath = "";
			projectRoot = "";
			targets = (
				508817D309F0C9AD0071BF1A /* TwirlFilter */,
			);
		};
/* End PBXProject section */

/* Begin PBXResourcesBuildPhase section */
		508817D009F0C9AD0071BF1A /* Resources */ = {
			isa = PBXResourcesBuildPhase;
			buildActionMask = 2147483647;
			files = (
			);
			runOnlyForDeploymentPostprocessing = 0;
		};
/* End PBXResourcesBuildPhase section */

/* Begin PBXRezBuildPhase section */
		6EE2BA0C0A40B77400CC7CE2 /* Rez */ = {
			isa = PBXRezBuildPhase;
			buildActionMask = 2147483647;
			files = (
				F938CBAD0B8B9EA40039754D /* TwirlFilter.r in Rez */,
			);
			runOnlyForDeploymentPostprocessing = 0;
		};
/* End PBXRezBuildPhase section */

/* Begin PBXShellScriptBuildPhase section */
		FDD9160D21AC0A7E0018B958 /* ShellScript */ = {
			isa = PBXShellScriptBuildPhase;
			buildActionMask = 2147483647;
			files = (
			);
			inputPaths = (
			);
			outputPaths = (
			);
			runOnlyForDeploymentPostprocessing = 0;
			shellPath = /bin/sh;
			shellScript = "python ../../tools/pipl/create_pipl.py -input '[{\"name\":\"TwirlFilter\"}]' ";
		};
		FDD9160E21AC0A820018B958 /* ShellScript */ = {
			isa = PBXShellScriptBuildPhase;
			buildActionMask = 2147483647;
			files = (
			);
			inputPaths = (
			);
			outputPaths = (
			);
			runOnlyForDeploymentPostprocessing = 0;
			shellPath = /bin/sh;
			shellScript = "mkdir -p \"${CONFIGURATION_BUILD_DIR}/${PRODUCT_NAME}.aip/Contents/Resources/pipl\"\ncp -f \"plugin.pipl\" \"${CONFIGURATION_BUILD_DIR}/${PRODUCT_NAME}.aip/Contents/Resources/pipl/plugin.pipl\"\n\nexit";
		};
/* End PBXShellScriptBuildPhase section */

/* Begin PBXSourcesBuildPhase section */
		508817D109F0C9AD0071BF1A /* Sources */ = {
			isa = PBXSourcesBuildPhase;
			buildActionMask = 2147483647;
			files = (
				2AF5F8DA0CF5F9410091D961 /* AppContext.cpp in Sources */,
				2AF5F8DB0CF5F9410091D961 /* IllustratorSDK.cpp in Sources */,
				2AF5F8DC0CF5F9410091D961 /* Main.cpp in Sources */,
				2AF5F8DD0CF5F9410091D961 /* Plugin.cpp in Sources */,
				2AF5F8DE0CF5F9410091D961 /* SDKAboutPluginsHelper.cpp in Sources */,
				2AF5F8DF0CF5F9410091D961 /* Suites.cpp in Sources */,
				2AF5F8E30CF5F9620091D961 /* IAIUnicodeString.cpp in Sources */,
				2AF5F8EB0CF5F97C0091D961 /* TwirlFilter.cpp in Sources */,
				2AF5F8EE0CF5F97C0091D961 /* TwirlFilterPlugin.cpp in Sources */,
				2AF5F8F00CF5F97C0091D961 /* TwirlFilterSuites.cpp in Sources */,
				C4CB97CF12ED597E00CA13DA /* IAIStringFormatUtils.cpp in Sources */,
				9E3BA91E13C328C700A542EF /* FlashUIController.cpp in Sources */,
				9E3BA91F13C328C700A542EF /* SDKPlugPlug.cpp in Sources */,
				9E3BA92613C3292100A542EF /* IAIFilePath.cpp in Sources */,
			);
			runOnlyForDeploymentPostprocessing = 0;
		};
/* End PBXSourcesBuildPhase section */

/* Begin XCBuildConfiguration section */
		508817C609F0C9740071BF1A /* debug */ = {
			isa = XCBuildConfiguration;
			buildSettings = {
				AI_CONFIGURATION = debug;
				AI_LOCALE = en_US;
				AI_PLATFORM = xcode;
				ALWAYS_SEARCH_USER_PATHS = NO;
				ARCHS = "$(ARCHS_STANDARD_64_BIT)";
				CLANG_CXX_LANGUAGE_STANDARD = "c++14";
				CONFIGURATION_BUILD_DIR = "./../output/mac/$(AI_CONFIGURATION)";
				CONFIGURATION_TEMP_DIR = "$(PROJECT_TEMP_DIR)/Default";
				COPY_PHASE_STRIP = YES;
				DEAD_CODE_STRIPPING = YES;
				DEBUG_INFORMATION_FORMAT = dwarf;
				DSTROOT = "/tmp/$(PROJECT_NAME).dst";
				EXPORTED_SYMBOLS_FILE = "";
				FRAMEWORK_SEARCH_PATHS = "$(FRAMEWORK_SEARCH_PATHS_QUOTED_1)";
				GCC_DEBUGGING_SYMBOLS = used;
				GCC_INCREASE_PRECOMPILED_HEADER_SHARING = YES;
				GCC_INPUT_FILETYPE = sourcecode.cpp.cpp;
				GCC_OPTIMIZATION_LEVEL = 0;
				GCC_PRECOMPILE_PREFIX_HEADER = YES;
				GCC_PREFIX_HEADER = "./../common/includes/IllustratorSDK$(AI_CONFIGURATION).pch";
				GCC_SYMBOLS_PRIVATE_EXTERN = YES;
				GCC_VERSION = com.apple.compilers.llvmgcc42;
				GCC_WARN_ABOUT_MISSING_PROTOTYPES = NO;
				GCC_WARN_UNKNOWN_PRAGMAS = YES;
				GCC_WARN_UNUSED_VARIABLE = YES;
				GENERATE_PKGINFO_FILE = YES;
				HEADER_SEARCH_PATHS = (
					"./../../illustratorapi/**",
					"/Developer/Headers/FlatCarbon/**",
					"./**",
					"./../common/**",
				);
				INFOPLIST_FILE = ../common/mac/Info.plist;
				INFOPLIST_PREFIX_HEADER = ../common/includes/SDKDef.h;
				INFOPLIST_PREPROCESS = YES;
				LIBRARY_SEARCH_PATHS = "";
				MACOSX_DEPLOYMENT_TARGET = 10.12;
				OBJROOT = .;
				ONLY_LINK_ESSENTIAL_SYMBOLS = YES;
				OTHER_LDFLAGS = "";
				PREBINDING = NO;
				PRECOMPS_INCLUDE_HEADERS_FROM_BUILT_PRODUCTS_DIR = NO;
				PRESERVE_DEAD_CODE_INITS_AND_TERMS = NO;
				PRODUCT_NAME = TwirlFilter;
				PROJECTNAME = TwirlFilter;
				REZ_SEARCH_PATHS = "";
				SCAN_ALL_SOURCE_FILES_FOR_INCLUDES = YES;
				SDKROOT = macosx10.13;
				SEPARATE_STRIP = NO;
				SHARED_PRECOMPS_DIR = "./../output/mac/sharedprecompiledheaders/$(AI_CONFIGURATION)";
				SKIP_INSTALL = NO;
				STRIP_INSTALLED_PRODUCT = YES;
				STRIP_STYLE = "non-global";
				SYMROOT = "./../output/mac/$(AI_CONFIGURATION)";
				VALID_ARCHS = "i386 x86_64";
				WRAPPER_EXTENSION = aip;
				ZERO_LINK = NO;
			};
			name = debug;
		};
		508817C709F0C9740071BF1A /* release */ = {
			isa = XCBuildConfiguration;
			buildSettings = {
				AI_CONFIGURATION = release;
				AI_LOCALE = en_US;
				AI_PLATFORM = xcode;
				ALWAYS_SEARCH_USER_PATHS = NO;
				ARCHS = "$(ARCHS_STANDARD_64_BIT)";
				CLANG_CXX_LANGUAGE_STANDARD = "c++14";
				CONFIGURATION_BUILD_DIR = "./../output/mac/$(AI_CONFIGURATION)";
				CONFIGURATION_TEMP_DIR = "$(PROJECT_TEMP_DIR)/Default";
				COPY_PHASE_STRIP = YES;
				DEAD_CODE_STRIPPING = YES;
				DEBUG_INFORMATION_FORMAT = dwarf;
				DSTROOT = "/tmp/$(PROJECT_NAME).dst";
				EXPORTED_SYMBOLS_FILE = "";
				FRAMEWORK_SEARCH_PATHS = "$(FRAMEWORK_SEARCH_PATHS_QUOTED_1)";
				GCC_DEBUGGING_SYMBOLS = used;
				GCC_INCREASE_PRECOMPILED_HEADER_SHARING = YES;
				GCC_INPUT_FILETYPE = sourcecode.cpp.cpp;
				GCC_OPTIMIZATION_LEVEL = 3;
				GCC_PRECOMPILE_PREFIX_HEADER = YES;
				GCC_PREFIX_HEADER = "./../common/includes/IllustratorSDK$(AI_CONFIGURATION).pch";
				GCC_SYMBOLS_PRIVATE_EXTERN = YES;
				GCC_VERSION = com.apple.compilers.llvmgcc42;
				GCC_WARN_ABOUT_MISSING_PROTOTYPES = NO;
				GCC_WARN_UNKNOWN_PRAGMAS = YES;
				GCC_WARN_UNUSED_VARIABLE = YES;
				GENERATE_PKGINFO_FILE = YES;
				HEADER_SEARCH_PATHS = (
					"./../../illustratorapi/**",
					"/Developer/Headers/FlatCarbon/**",
					"./**",
					"./../common/**",
				);
				INFOPLIST_FILE = ../common/mac/Info.plist;
				INFOPLIST_PREFIX_HEADER = ../common/includes/SDKDef.h;
				INFOPLIST_PREPROCESS = YES;
				LIBRARY_SEARCH_PATHS = "";
				MACOSX_DEPLOYMENT_TARGET = 10.12;
				OBJROOT = .;
				ONLY_LINK_ESSENTIAL_SYMBOLS = YES;
				OTHER_LDFLAGS = "";
				PREBINDING = NO;
				PRECOMPS_INCLUDE_HEADERS_FROM_BUILT_PRODUCTS_DIR = NO;
				PRESERVE_DEAD_CODE_INITS_AND_TERMS = NO;
				PRODUCT_NAME = TwirlFilter;
				PROJECTNAME = TwirlFilter;
				REZ_SEARCH_PATHS = "";
				SCAN_ALL_SOURCE_FILES_FOR_INCLUDES = YES;
				SDKROOT = macosx10.13;
				SEPARATE_STRIP = NO;
				SHARED_PRECOMPS_DIR = "./../output/mac/sharedprecompiledheaders/$(AI_CONFIGURATION)";
				SKIP_INSTALL = NO;
				STRIP_INSTALLED_PRODUCT = YES;
				STRIP_STYLE = "non-global";
				SYMROOT = "./../output/mac/$(AI_CONFIGURATION)";
				VALID_ARCHS = "i386 x86_64";
				WRAPPER_EXTENSION = aip;
				ZERO_LINK = NO;
			};
			name = release;
		};
		508817D809F0C9AE0071BF1A /* debug */ = {
			isa = XCBuildConfiguration;
			buildSettings = {
				ARCHS = "$(ARCHS_STANDARD_64_BIT)";
				GCC_VERSION = com.apple.compilers.llvm.clang.1_0;
				HEADER_SEARCH_PATHS = (
					"./../../illustratorapi/**",
					"/Developer/Headers/FlatCarbon/**",
					"./**",
					"./../common/**",
					./Source,
				);
				MACOSX_DEPLOYMENT_TARGET = 10.12;
				SDKROOT = macosx10.13;
			};
			name = debug;
		};
		508817D909F0C9AE0071BF1A /* release */ = {
			isa = XCBuildConfiguration;
			buildSettings = {
				ARCHS = "$(ARCHS_STANDARD_64_BIT)";
				GCC_VERSION = com.apple.compilers.llvm.clang.1_0;
				HEADER_SEARCH_PATHS = (
					"./../../illustratorapi/**",
					"/Developer/Headers/FlatCarbon/**",
					"./**",
					"./../common/**",
					./Source,
				);
				MACOSX_DEPLOYMENT_TARGET = 10.12;
				SDKROOT = macosx10.13;
			};
			name = release;
		};
/* End XCBuildConfiguration section */

/* Begin XCConfigurationList section */
		508817C509F0C9740071BF1A /* Build configuration list for PBXProject "TwirlFilter" */ = {
			isa = XCConfigurationList;
			buildConfigurations = (
				508817C609F0C9740071BF1A /* debug */,
				508817C709F0C9740071BF1A /* release */,
			);
			defaultConfigurationIsVisible = 0;
			defaultConfigurationName = debug;
		};
		508817D709F0C9AE0071BF1A /* Build configuration list for PBXNativeTarget "TwirlFilter" */ = {
			isa = XCConfigurationList;
			buildConfigurations = (
				508817D809F0C9AE0071BF1A /* debug */,
				508817D909F0C9AE0071BF1A /* release */,
			);
			defaultConfigurationIsVisible = 0;
			defaultConfigurationName = debug;
		};
/* End XCConfigurationList section */
	};
	rootObject = 508817C409F0C9740071BF1A /* Project object */;
}
